
Microsoft Visual Studio Solution File, Format Version 12.00
# Visual Studio Version 16
VisualStudioVersion = 16.0.30804.86
MinimumVisualStudioVersion = 10.0.40219.1
Project("{8BC9CEB8-8B4A-11D0-8D11-00A0C91BC942}") = "Singleton", "Singleton\Singleton.vcxproj", "{4AE3FB32-1A6E-4C3B-8E71-A6A6E3EE5CF8}"
EndProject
Project("{8BC9CEB8-8B4A-11D0-8D11-00A0C91BC942}") = "Factory method", "Factory method\Factory method.vcxproj", "{173C8DE4-093A-431F-9EC7-6AFB4944905C}"
EndProject
Project("{8BC9CEB8-8B4A-11D0-8D11-00A0C91BC942}") = "Abstract factory", "Abstract factory\Abstract factory.vcxproj", "{0DEA53C8-ED65-45C4-AFE4-312D01622D9F}"
EndProject
Project("{8BC9CEB8-8B4A-11D0-8D11-00A0C91BC942}") = "Prototype", "Prototype\Prototype.vcxproj", "{6A083381-8CA1-41CE-BA38-AB9D0C75DF37}"
EndProject
Project("{8BC9CEB8-8B4A-11D0-8D11-00A0C91BC942}") = "Builder", "Builder\Builder.vcxproj", "{87C01844-395B-4CF9-8D23-DF189A91B64B}"
EndProject
Project("{8BC9CEB8-8B4A-11D0-8D11-00A0C91BC942}") = "Adapter", "Adapter\Adapter.vcxproj", "{FF24F655-5FEC-4E99-858B-2849698C4AC7}"
EndProject
Project("{8BC9CEB8-8B4A-11D0-8D11-00A0C91BC942}") = "Bridge", "Bridge\Bridge.vcxproj", "{492A419F-C151-45A6-870C-B241CF2F13AB}"
EndProject
Project("{8BC9CEB8-8B4A-11D0-8D11-00A0C91BC942}") = "Composite", "Composite\Composite.vcxproj", "{6EC8E591-8990-47AB-9DEC-BD94C5E47DEC}"
EndProject
Project("{8BC9CEB8-8B4A-11D0-8D11-00A0C91BC942}") = "Decorator", "Decorator\Decorator.vcxproj", "{CB8F51CD-CE1F-4BDD-A412-8D2D2F77B455}"
EndProject
Project("{8BC9CEB8-8B4A-11D0-8D11-00A0C91BC942}") = "Facade", "Facade\Facade.vcxproj", "{6A4A7267-333B-47BB-91CA-79022905A37F}"
EndProject
Project("{8BC9CEB8-8B4A-11D0-8D11-00A0C91BC942}") = "Flyweight", "Flyweight\Flyweight.vcxproj", "{5712A278-C665-4BBC-A0C5-B9F4943D8AB8}"
EndProject
Project("{8BC9CEB8-8B4A-11D0-8D11-00A0C91BC942}") = "Proxy", "Proxy\Proxy.vcxproj", "{67468C63-3343-463C-91A3-B31E2EE594BA}"
EndProject
Project("{8BC9CEB8-8B4A-11D0-8D11-00A0C91BC942}") = "Chain of responsibility", "Chain of responsibility\Chain of responsibility.vcxproj", "{CEA5A6FB-2F3C-42FC-8754-0C273EE27EDD}"
EndProject
Project("{8BC9CEB8-8B4A-11D0-8D11-00A0C91BC942}") = "Command", "Command\Command.vcxproj", "{374F2000-9D0C-4B29-9EE9-B4E3629CA37C}"
EndProject
Project("{8BC9CEB8-8B4A-11D0-8D11-00A0C91BC942}") = "Iterator", "Iterator\Iterator.vcxproj", "{B0BC7DF9-1607-4624-AF0B-23F968BE53EE}"
EndProject
Project("{8BC9CEB8-8B4A-11D0-8D11-00A0C91BC942}") = "Mediator", "Mediator\Mediator.vcxproj", "{C1989204-2AFA-4085-8732-85C5BB66B715}"
EndProject
Project("{8BC9CEB8-8B4A-11D0-8D11-00A0C91BC942}") = "Memento", "Memento\Memento.vcxproj", "{D53CA526-D6E3-44E3-B5A7-92A88303CB82}"
EndProject
Project("{8BC9CEB8-8B4A-11D0-8D11-00A0C91BC942}") = "Observer", "Observer\Observer.vcxproj", "{832A971C-94F8-490B-8202-01F462A108BF}"
EndProject
Project("{8BC9CEB8-8B4A-11D0-8D11-00A0C91BC942}") = "State", "State\State.vcxproj", "{3758681A-F3C4-460F-AAFE-38032E5B664B}"
EndProject
Project("{8BC9CEB8-8B4A-11D0-8D11-00A0C91BC942}") = "Strategy", "Strategy\Strategy.vcxproj", "{5748D4EF-BCAC-410C-9F76-4A2BD4E0DDA2}"
EndProject
Project("{8BC9CEB8-8B4A-11D0-8D11-00A0C91BC942}") = "Template method", "Template method\Template method.vcxproj", "{1CE0A58B-1284-473D-A1D1-9321D71641D1}"
EndProject
Project("{8BC9CEB8-8B4A-11D0-8D11-00A0C91BC942}") = "Visitor", "Visitor\Visitor.vcxproj", "{88A4FE34-0EE2-41EC-8D8C-401C619F9144}"
EndProject
Project("{8BC9CEB8-8B4A-11D0-8D11-00A0C91BC942}") = "Interpreter", "Interpreter\Interpreter.vcxproj", "{2AF5994C-7ECD-4F32-9B7E-51DA8D14E379}"
EndProject
Global
	GlobalSection(SolutionConfigurationPlatforms) = preSolution
		Debug|x64 = Debug|x64
		Debug|x86 = Debug|x86
		Release|x64 = Release|x64
		Release|x86 = Release|x86
	EndGlobalSection
	GlobalSection(ProjectConfigurationPlatforms) = postSolution
		{4AE3FB32-1A6E-4C3B-8E71-A6A6E3EE5CF8}.Debug|x64.ActiveCfg = Debug|x64
		{4AE3FB32-1A6E-4C3B-8E71-A6A6E3EE5CF8}.Debug|x64.Build.0 = Debug|x64
		{4AE3FB32-1A6E-4C3B-8E71-A6A6E3EE5CF8}.Debug|x86.ActiveCfg = Debug|Win32
		{4AE3FB32-1A6E-4C3B-8E71-A6A6E3EE5CF8}.Debug|x86.Build.0 = Debug|Win32
		{4AE3FB32-1A6E-4C3B-8E71-A6A6E3EE5CF8}.Release|x64.ActiveCfg = Release|x64
		{4AE3FB32-1A6E-4C3B-8E71-A6A6E3EE5CF8}.Release|x64.Build.0 = Release|x64
		{4AE3FB32-1A6E-4C3B-8E71-A6A6E3EE5CF8}.Release|x86.ActiveCfg = Release|Win32
		{4AE3FB32-1A6E-4C3B-8E71-A6A6E3EE5CF8}.Release|x86.Build.0 = Release|Win32
		{173C8DE4-093A-431F-9EC7-6AFB4944905C}.Debug|x64.ActiveCfg = Debug|x64
		{173C8DE4-093A-431F-9EC7-6AFB4944905C}.Debug|x64.Build.0 = Debug|x64
		{173C8DE4-093A-431F-9EC7-6AFB4944905C}.Debug|x86.ActiveCfg = Debug|Win32
		{173C8DE4-093A-431F-9EC7-6AFB4944905C}.Debug|x86.Build.0 = Debug|Win32
		{173C8DE4-093A-431F-9EC7-6AFB4944905C}.Release|x64.ActiveCfg = Release|x64
		{173C8DE4-093A-431F-9EC7-6AFB4944905C}.Release|x64.Build.0 = Release|x64
		{173C8DE4-093A-431F-9EC7-6AFB4944905C}.Release|x86.ActiveCfg = Release|Win32
		{173C8DE4-093A-431F-9EC7-6AFB4944905C}.Release|x86.Build.0 = Release|Win32
		{0DEA53C8-ED65-45C4-AFE4-312D01622D9F}.Debug|x64.ActiveCfg = Debug|x64
		{0DEA53C8-ED65-45C4-AFE4-312D01622D9F}.Debug|x64.Build.0 = Debug|x64
		{0DEA53C8-ED65-45C4-AFE4-312D01622D9F}.Debug|x86.ActiveCfg = Debug|Win32
		{0DEA53C8-ED65-45C4-AFE4-312D01622D9F}.Debug|x86.Build.0 = Debug|Win32
		{0DEA53C8-ED65-45C4-AFE4-312D01622D9F}.Release|x64.ActiveCfg = Release|x64
		{0DEA53C8-ED65-45C4-AFE4-312D01622D9F}.Release|x64.Build.0 = Release|x64
		{0DEA53C8-ED65-45C4-AFE4-312D01622D9F}.Release|x86.ActiveCfg = Release|Win32
		{0DEA53C8-ED65-45C4-AFE4-312D01622D9F}.Release|x86.Build.0 = Release|Win32
		{6A083381-8CA1-41CE-BA38-AB9D0C75DF37}.Debug|x64.ActiveCfg = Debug|x64
		{6A083381-8CA1-41CE-BA38-AB9D0C75DF37}.Debug|x64.Build.0 = Debug|x64
		{6A083381-8CA1-41CE-BA38-AB9D0C75DF37}.Debug|x86.ActiveCfg = Debug|Win32
		{6A083381-8CA1-41CE-BA38-AB9D0C75DF37}.Debug|x86.Build.0 = Debug|Win32
		{6A083381-8CA1-41CE-BA38-AB9D0C75DF37}.Release|x64.ActiveCfg = Release|x64
		{6A083381-8CA1-41CE-BA38-AB9D0C75DF37}.Release|x64.Build.0 = Release|x64
		{6A083381-8CA1-41CE-BA38-AB9D0C75DF37}.Release|x86.ActiveCfg = Release|Win32
		{6A083381-8CA1-41CE-BA38-AB9D0C75DF37}.Release|x86.Build.0 = Release|Win32
		{87C01844-395B-4CF9-8D23-DF189A91B64B}.Debug|x64.ActiveCfg = Debug|x64
		{87C01844-395B-4CF9-8D23-DF189A91B64B}.Debug|x64.Build.0 = Debug|x64
		{87C01844-395B-4CF9-8D23-DF189A91B64B}.Debug|x86.ActiveCfg = Debug|Win32
		{87C01844-395B-4CF9-8D23-DF189A91B64B}.Debug|x86.Build.0 = Debug|Win32
		{87C01844-395B-4CF9-8D23-DF189A91B64B}.Release|x64.ActiveCfg = Release|x64
		{87C01844-395B-4CF9-8D23-DF189A91B64B}.Release|x64.Build.0 = Release|x64
		{87C01844-395B-4CF9-8D23-DF189A91B64B}.Release|x86.ActiveCfg = Release|Win32
		{87C01844-395B-4CF9-8D23-DF189A91B64B}.Release|x86.Build.0 = Release|Win32
		{FF24F655-5FEC-4E99-858B-2849698C4AC7}.Debug|x64.ActiveCfg = Debug|x64
		{FF24F655-5FEC-4E99-858B-2849698C4AC7}.Debug|x64.Build.0 = Debug|x64
		{FF24F655-5FEC-4E99-858B-2849698C4AC7}.Debug|x86.ActiveCfg = Debug|Win32
		{FF24F655-5FEC-4E99-858B-2849698C4AC7}.Debug|x86.Build.0 = Debug|Win32
		{FF24F655-5FEC-4E99-858B-2849698C4AC7}.Release|x64.ActiveCfg = Release|x64
		{FF24F655-5FEC-4E99-858B-2849698C4AC7}.Release|x64.Build.0 = Release|x64
		{FF24F655-5FEC-4E99-858B-2849698C4AC7}.Release|x86.ActiveCfg = Release|Win32
		{FF24F655-5FEC-4E99-858B-2849698C4AC7}.Release|x86.Build.0 = Release|Win32
		{492A419F-C151-45A6-870C-B241CF2F13AB}.Debug|x64.ActiveCfg = Debug|x64
		{492A419F-C151-45A6-870C-B241CF2F13AB}.Debug|x64.Build.0 = Debug|x64
		{492A419F-C151-45A6-870C-B241CF2F13AB}.Debug|x86.ActiveCfg = Debug|Win32
		{492A419F-C151-45A6-870C-B241CF2F13AB}.Debug|x86.Build.0 = Debug|Win32
		{492A419F-C151-45A6-870C-B241CF2F13AB}.Release|x64.ActiveCfg = Release|x64
		{492A419F-C151-45A6-870C-B241CF2F13AB}.Release|x64.Build.0 = Release|x64
		{492A419F-C151-45A6-870C-B241CF2F13AB}.Release|x86.ActiveCfg = Release|Win32
		{492A419F-C151-45A6-870C-B241CF2F13AB}.Release|x86.Build.0 = Release|Win32
		{6EC8E591-8990-47AB-9DEC-BD94C5E47DEC}.Debug|x64.ActiveCfg = Debug|x64
		{6EC8E591-8990-47AB-9DEC-BD94C5E47DEC}.Debug|x64.Build.0 = Debug|x64
		{6EC8E591-8990-47AB-9DEC-BD94C5E47DEC}.Debug|x86.ActiveCfg = Debug|Win32
		{6EC8E591-8990-47AB-9DEC-BD94C5E47DEC}.Debug|x86.Build.0 = Debug|Win32
		{6EC8E591-8990-47AB-9DEC-BD94C5E47DEC}.Release|x64.ActiveCfg = Release|x64
		{6EC8E591-8990-47AB-9DEC-BD94C5E47DEC}.Release|x64.Build.0 = Release|x64
		{6EC8E591-8990-47AB-9DEC-BD94C5E47DEC}.Release|x86.ActiveCfg = Release|Win32
		{6EC8E591-8990-47AB-9DEC-BD94C5E47DEC}.Release|x86.Build.0 = Release|Win32
		{CB8F51CD-CE1F-4BDD-A412-8D2D2F77B455}.Debug|x64.ActiveCfg = Debug|x64
		{CB8F51CD-CE1F-4BDD-A412-8D2D2F77B455}.Debug|x64.Build.0 = Debug|x64
		{CB8F51CD-CE1F-4BDD-A412-8D2D2F77B455}.Debug|x86.ActiveCfg = Debug|Win32
		{CB8F51CD-CE1F-4BDD-A412-8D2D2F77B455}.Debug|x86.Build.0 = Debug|Win32
		{CB8F51CD-CE1F-4BDD-A412-8D2D2F77B455}.Release|x64.ActiveCfg = Release|x64
		{CB8F51CD-CE1F-4BDD-A412-8D2D2F77B455}.Release|x64.Build.0 = Release|x64
		{CB8F51CD-CE1F-4BDD-A412-8D2D2F77B455}.Release|x86.ActiveCfg = Release|Win32
		{CB8F51CD-CE1F-4BDD-A412-8D2D2F77B455}.Release|x86.Build.0 = Release|Win32
		{6A4A7267-333B-47BB-91CA-79022905A37F}.Debug|x64.ActiveCfg = Debug|x64
		{6A4A7267-333B-47BB-91CA-79022905A37F}.Debug|x64.Build.0 = Debug|x64
		{6A4A7267-333B-47BB-91CA-79022905A37F}.Debug|x86.ActiveCfg = Debug|Win32
		{6A4A7267-333B-47BB-91CA-79022905A37F}.Debug|x86.Build.0 = Debug|Win32
		{6A4A7267-333B-47BB-91CA-79022905A37F}.Release|x64.ActiveCfg = Release|x64
		{6A4A7267-333B-47BB-91CA-79022905A37F}.Release|x64.Build.0 = Release|x64
		{6A4A7267-333B-47BB-91CA-79022905A37F}.Release|x86.ActiveCfg = Release|Win32
		{6A4A7267-333B-47BB-91CA-79022905A37F}.Release|x86.Build.0 = Release|Win32
		{5712A278-C665-4BBC-A0C5-B9F4943D8AB8}.Debug|x64.ActiveCfg = Debug|x64
		{5712A278-C665-4BBC-A0C5-B9F4943D8AB8}.Debug|x64.Build.0 = Debug|x64
		{5712A278-C665-4BBC-A0C5-B9F4943D8AB8}.Debug|x86.ActiveCfg = Debug|Win32
		{5712A278-C665-4BBC-A0C5-B9F4943D8AB8}.Debug|x86.Build.0 = Debug|Win32
		{5712A278-C665-4BBC-A0C5-B9F4943D8AB8}.Release|x64.ActiveCfg = Release|x64
		{5712A278-C665-4BBC-A0C5-B9F4943D8AB8}.Release|x64.Build.0 = Release|x64
		{5712A278-C665-4BBC-A0C5-B9F4943D8AB8}.Release|x86.ActiveCfg = Release|Win32
		{5712A278-C665-4BBC-A0C5-B9F4943D8AB8}.Release|x86.Build.0 = Release|Win32
		{67468C63-3343-463C-91A3-B31E2EE594BA}.Debug|x64.ActiveCfg = Debug|x64
		{67468C63-3343-463C-91A3-B31E2EE594BA}.Debug|x64.Build.0 = Debug|x64
		{67468C63-3343-463C-91A3-B31E2EE594BA}.Debug|x86.ActiveCfg = Debug|Win32
		{67468C63-3343-463C-91A3-B31E2EE594BA}.Debug|x86.Build.0 = Debug|Win32
		{67468C63-3343-463C-91A3-B31E2EE594BA}.Release|x64.ActiveCfg = Release|x64
		{67468C63-3343-463C-91A3-B31E2EE594BA}.Release|x64.Build.0 = Release|x64
		{67468C63-3343-463C-91A3-B31E2EE594BA}.Release|x86.ActiveCfg = Release|Win32
		{67468C63-3343-463C-91A3-B31E2EE594BA}.Release|x86.Build.0 = Release|Win32
		{CEA5A6FB-2F3C-42FC-8754-0C273EE27EDD}.Debug|x64.ActiveCfg = Debug|x64
		{CEA5A6FB-2F3C-42FC-8754-0C273EE27EDD}.Debug|x64.Build.0 = Debug|x64
		{CEA5A6FB-2F3C-42FC-8754-0C273EE27EDD}.Debug|x86.ActiveCfg = Debug|Win32
		{CEA5A6FB-2F3C-42FC-8754-0C273EE27EDD}.Debug|x86.Build.0 = Debug|Win32
		{CEA5A6FB-2F3C-42FC-8754-0C273EE27EDD}.Release|x64.ActiveCfg = Release|x64
		{CEA5A6FB-2F3C-42FC-8754-0C273EE27EDD}.Release|x64.Build.0 = Release|x64
		{CEA5A6FB-2F3C-42FC-8754-0C273EE27EDD}.Release|x86.ActiveCfg = Release|Win32
		{CEA5A6FB-2F3C-42FC-8754-0C273EE27EDD}.Release|x86.Build.0 = Release|Win32
		{374F2000-9D0C-4B29-9EE9-B4E3629CA37C}.Debug|x64.ActiveCfg = Debug|x64
		{374F2000-9D0C-4B29-9EE9-B4E3629CA37C}.Debug|x64.Build.0 = Debug|x64
		{374F2000-9D0C-4B29-9EE9-B4E3629CA37C}.Debug|x86.ActiveCfg = Debug|Win32
		{374F2000-9D0C-4B29-9EE9-B4E3629CA37C}.Debug|x86.Build.0 = Debug|Win32
		{374F2000-9D0C-4B29-9EE9-B4E3629CA37C}.Release|x64.ActiveCfg = Release|x64
		{374F2000-9D0C-4B29-9EE9-B4E3629CA37C}.Release|x64.Build.0 = Release|x64
		{374F2000-9D0C-4B29-9EE9-B4E3629CA37C}.Release|x86.ActiveCfg = Release|Win32
		{374F2000-9D0C-4B29-9EE9-B4E3629CA37C}.Release|x86.Build.0 = Release|Win32
		{B0BC7DF9-1607-4624-AF0B-23F968BE53EE}.Debug|x64.ActiveCfg = Debug|x64
		{B0BC7DF9-1607-4624-AF0B-23F968BE53EE}.Debug|x64.Build.0 = Debug|x64
		{B0BC7DF9-1607-4624-AF0B-23F968BE53EE}.Debug|x86.ActiveCfg = Debug|Win32
		{B0BC7DF9-1607-4624-AF0B-23F968BE53EE}.Debug|x86.Build.0 = Debug|Win32
		{B0BC7DF9-1607-4624-AF0B-23F968BE53EE}.Release|x64.ActiveCfg = Release|x64
		{B0BC7DF9-1607-4624-AF0B-23F968BE53EE}.Release|x64.Build.0 = Release|x64
		{B0BC7DF9-1607-4624-AF0B-23F968BE53EE}.Release|x86.ActiveCfg = Release|Win32
		{B0BC7DF9-1607-4624-AF0B-23F968BE53EE}.Release|x86.Build.0 = Release|Win32
		{C1989204-2AFA-4085-8732-85C5BB66B715}.Debug|x64.ActiveCfg = Debug|x64
		{C1989204-2AFA-4085-8732-85C5BB66B715}.Debug|x64.Build.0 = Debug|x64
		{C1989204-2AFA-4085-8732-85C5BB66B715}.Debug|x86.ActiveCfg = Debug|Win32
		{C1989204-2AFA-4085-8732-85C5BB66B715}.Debug|x86.Build.0 = Debug|Win32
		{C1989204-2AFA-4085-8732-85C5BB66B715}.Release|x64.ActiveCfg = Release|x64
		{C1989204-2AFA-4085-8732-85C5BB66B715}.Release|x64.Build.0 = Release|x64
		{C1989204-2AFA-4085-8732-85C5BB66B715}.Release|x86.ActiveCfg = Release|Win32
		{C1989204-2AFA-4085-8732-85C5BB66B715}.Release|x86.Build.0 = Release|Win32
		{D53CA526-D6E3-44E3-B5A7-92A88303CB82}.Debug|x64.ActiveCfg = Debug|x64
		{D53CA526-D6E3-44E3-B5A7-92A88303CB82}.Debug|x64.Build.0 = Debug|x64
		{D53CA526-D6E3-44E3-B5A7-92A88303CB82}.Debug|x86.ActiveCfg = Debug|Win32
		{D53CA526-D6E3-44E3-B5A7-92A88303CB82}.Debug|x86.Build.0 = Debug|Win32
		{D53CA526-D6E3-44E3-B5A7-92A88303CB82}.Release|x64.ActiveCfg = Release|x64
		{D53CA526-D6E3-44E3-B5A7-92A88303CB82}.Release|x64.Build.0 = Release|x64
		{D53CA526-D6E3-44E3-B5A7-92A88303CB82}.Release|x86.ActiveCfg = Release|Win32
		{D53CA526-D6E3-44E3-B5A7-92A88303CB82}.Release|x86.Build.0 = Release|Win32
		{832A971C-94F8-490B-8202-01F462A108BF}.Debug|x64.ActiveCfg = Debug|x64
		{832A971C-94F8-490B-8202-01F462A108BF}.Debug|x64.Build.0 = Debug|x64
		{832A971C-94F8-490B-8202-01F462A108BF}.Debug|x86.ActiveCfg = Debug|Win32
		{832A971C-94F8-490B-8202-01F462A108BF}.Debug|x86.Build.0 = Debug|Win32
		{832A971C-94F8-490B-8202-01F462A108BF}.Release|x64.ActiveCfg = Release|x64
		{832A971C-94F8-490B-8202-01F462A108BF}.Release|x64.Build.0 = Release|x64
		{832A971C-94F8-490B-8202-01F462A108BF}.Release|x86.ActiveCfg = Release|Win32
		{832A971C-94F8-490B-8202-01F462A108BF}.Release|x86.Build.0 = Release|Win32
		{3758681A-F3C4-460F-AAFE-38032E5B664B}.Debug|x64.ActiveCfg = Debug|x64
		{3758681A-F3C4-460F-AAFE-38032E5B664B}.Debug|x64.Build.0 = Debug|x64
		{3758681A-F3C4-460F-AAFE-38032E5B664B}.Debug|x86.ActiveCfg = Debug|Win32
		{3758681A-F3C4-460F-AAFE-38032E5B664B}.Debug|x86.Build.0 = Debug|Win32
		{3758681A-F3C4-460F-AAFE-38032E5B664B}.Release|x64.ActiveCfg = Release|x64
		{3758681A-F3C4-460F-AAFE-38032E5B664B}.Release|x64.Build.0 = Release|x64
		{3758681A-F3C4-460F-AAFE-38032E5B664B}.Release|x86.ActiveCfg = Release|Win32
		{3758681A-F3C4-460F-AAFE-38032E5B664B}.Release|x86.Build.0 = Release|Win32
		{5748D4EF-BCAC-410C-9F76-4A2BD4E0DDA2}.Debug|x64.ActiveCfg = Debug|x64
		{5748D4EF-BCAC-410C-9F76-4A2BD4E0DDA2}.Debug|x64.Build.0 = Debug|x64
		{5748D4EF-BCAC-410C-9F76-4A2BD4E0DDA2}.Debug|x86.ActiveCfg = Debug|Win32
		{5748D4EF-BCAC-410C-9F76-4A2BD4E0DDA2}.Debug|x86.Build.0 = Debug|Win32
		{5748D4EF-BCAC-410C-9F76-4A2BD4E0DDA2}.Release|x64.ActiveCfg = Release|x64
		{5748D4EF-BCAC-410C-9F76-4A2BD4E0DDA2}.Release|x64.Build.0 = Release|x64
		{5748D4EF-BCAC-410C-9F76-4A2BD4E0DDA2}.Release|x86.ActiveCfg = Release|Win32
		{5748D4EF-BCAC-410C-9F76-4A2BD4E0DDA2}.Release|x86.Build.0 = Release|Win32
		{1CE0A58B-1284-473D-A1D1-9321D71641D1}.Debug|x64.ActiveCfg = Debug|x64
		{1CE0A58B-1284-473D-A1D1-9321D71641D1}.Debug|x64.Build.0 = Debug|x64
		{1CE0A58B-1284-473D-A1D1-9321D71641D1}.Debug|x86.ActiveCfg = Debug|Win32
		{1CE0A58B-1284-473D-A1D1-9321D71641D1}.Debug|x86.Build.0 = Debug|Win32
		{1CE0A58B-1284-473D-A1D1-9321D71641D1}.Release|x64.ActiveCfg = Release|x64
		{1CE0A58B-1284-473D-A1D1-9321D71641D1}.Release|x64.Build.0 = Release|x64
		{1CE0A58B-1284-473D-A1D1-9321D71641D1}.Release|x86.ActiveCfg = Release|Win32
		{1CE0A58B-1284-473D-A1D1-9321D71641D1}.Release|x86.Build.0 = Release|Win32
		{88A4FE34-0EE2-41EC-8D8C-401C619F9144}.Debug|x64.ActiveCfg = Debug|x64
		{88A4FE34-0EE2-41EC-8D8C-401C619F9144}.Debug|x64.Build.0 = Debug|x64
		{88A4FE34-0EE2-41EC-8D8C-401C619F9144}.Debug|x86.ActiveCfg = Debug|Win32
		{88A4FE34-0EE2-41EC-8D8C-401C619F9144}.Debug|x86.Build.0 = Debug|Win32
		{88A4FE34-0EE2-41EC-8D8C-401C619F9144}.Release|x64.ActiveCfg = Release|x64
		{88A4FE34-0EE2-41EC-8D8C-401C619F9144}.Release|x64.Build.0 = Release|x64
		{88A4FE34-0EE2-41EC-8D8C-401C619F9144}.Release|x86.ActiveCfg = Release|Win32
		{88A4FE34-0EE2-41EC-8D8C-401C619F9144}.Release|x86.Build.0 = Release|Win32
		{2AF5994C-7ECD-4F32-9B7E-51DA8D14E379}.Debug|x64.ActiveCfg = Debug|x64
		{2AF5994C-7ECD-4F32-9B7E-51DA8D14E379}.Debug|x64.Build.0 = Debug|x64
		{2AF5994C-7ECD-4F32-9B7E-51DA8D14E379}.Debug|x86.ActiveCfg = Debug|Win32
		{2AF5994C-7ECD-4F32-9B7E-51DA8D14E379}.Debug|x86.Build.0 = Debug|Win32
		{2AF5994C-7ECD-4F32-9B7E-51DA8D14E379}.Release|x64.ActiveCfg = Release|x64
		{2AF5994C-7ECD-4F32-9B7E-51DA8D14E379}.Release|x64.Build.0 = Release|x64
		{2AF5994C-7ECD-4F32-9B7E-51DA8D14E379}.Release|x86.ActiveCfg = Release|Win32
		{2AF5994C-7ECD-4F32-9B7E-51DA8D14E379}.Release|x86.Build.0 = Release|Win32
	EndGlobalSection
	GlobalSection(SolutionProperties) = preSolution
		HideSolutionNode = FALSE
	EndGlobalSection
	GlobalSection(ExtensibilityGlobals) = postSolution
		SolutionGuid = {93FA0B4B-4E18-42BC-A2B8-B057D82AD8EA}
	EndGlobalSection
EndGlobal
