
Microsoft Visual Studio Solution File, Format Version 12.00
# Visual Studio Version 16
VisualStudioVersion = 16.0.30804.86
MinimumVisualStudioVersion = 10.0.40219.1
Project("{8BC9CEB8-8B4A-11D0-8D11-00A0C91BC942}") = "Singleton", "Singleton\Singleton.vcxproj", "{4AE3FB32-1A6E-4C3B-8E71-A6A6E3EE5CF8}"
EndProject
Project("{8BC9CEB8-8B4A-11D0-8D11-00A0C91BC942}") = "Factory method", "Factory method\Factory method.vcxproj", "{173C8DE4-093A-431F-9EC7-6AFB4944905C}"
EndProject
Project("{8BC9CEB8-8B4A-11D0-8D11-00A0C91BC942}") = "Abstract factory", "Abstract factory\Abstract factory.vcxproj", "{0DEA53C8-ED65-45C4-AFE4-312D01622D9F}"
EndProject
Project("{8BC9CEB8-8B4A-11D0-8D11-00A0C91BC942}") = "Prototype", "Prototype\Prototype.vcxproj", "{6A083381-8CA1-41CE-BA38-AB9D0C75DF37}"
EndProject
Global
	GlobalSection(SolutionConfigurationPlatforms) = preSolution
		Debug|x64 = Debug|x64
		Debug|x86 = Debug|x86
		Release|x64 = Release|x64
		Release|x86 = Release|x86
	EndGlobalSection
	GlobalSection(ProjectConfigurationPlatforms) = postSolution
		{4AE3FB32-1A6E-4C3B-8E71-A6A6E3EE5CF8}.Debug|x64.ActiveCfg = Debug|x64
		{4AE3FB32-1A6E-4C3B-8E71-A6A6E3EE5CF8}.Debug|x64.Build.0 = Debug|x64
		{4AE3FB32-1A6E-4C3B-8E71-A6A6E3EE5CF8}.Debug|x86.ActiveCfg = Debug|Win32
		{4AE3FB32-1A6E-4C3B-8E71-A6A6E3EE5CF8}.Debug|x86.Build.0 = Debug|Win32
		{4AE3FB32-1A6E-4C3B-8E71-A6A6E3EE5CF8}.Release|x64.ActiveCfg = Release|x64
		{4AE3FB32-1A6E-4C3B-8E71-A6A6E3EE5CF8}.Release|x64.Build.0 = Release|x64
		{4AE3FB32-1A6E-4C3B-8E71-A6A6E3EE5CF8}.Release|x86.ActiveCfg = Release|Win32
		{4AE3FB32-1A6E-4C3B-8E71-A6A6E3EE5CF8}.Release|x86.Build.0 = Release|Win32
		{173C8DE4-093A-431F-9EC7-6AFB4944905C}.Debug|x64.ActiveCfg = Debug|x64
		{173C8DE4-093A-431F-9EC7-6AFB4944905C}.Debug|x64.Build.0 = Debug|x64
		{173C8DE4-093A-431F-9EC7-6AFB4944905C}.Debug|x86.ActiveCfg = Debug|Win32
		{173C8DE4-093A-431F-9EC7-6AFB4944905C}.Debug|x86.Build.0 = Debug|Win32
		{173C8DE4-093A-431F-9EC7-6AFB4944905C}.Release|x64.ActiveCfg = Release|x64
		{173C8DE4-093A-431F-9EC7-6AFB4944905C}.Release|x64.Build.0 = Release|x64
		{173C8DE4-093A-431F-9EC7-6AFB4944905C}.Release|x86.ActiveCfg = Release|Win32
		{173C8DE4-093A-431F-9EC7-6AFB4944905C}.Release|x86.Build.0 = Release|Win32
		{0DEA53C8-ED65-45C4-AFE4-312D01622D9F}.Debug|x64.ActiveCfg = Debug|x64
		{0DEA53C8-ED65-45C4-AFE4-312D01622D9F}.Debug|x64.Build.0 = Debug|x64
		{0DEA53C8-ED65-45C4-AFE4-312D01622D9F}.Debug|x86.ActiveCfg = Debug|Win32
		{0DEA53C8-ED65-45C4-AFE4-312D01622D9F}.Debug|x86.Build.0 = Debug|Win32
		{0DEA53C8-ED65-45C4-AFE4-312D01622D9F}.Release|x64.ActiveCfg = Release|x64
		{0DEA53C8-ED65-45C4-AFE4-312D01622D9F}.Release|x64.Build.0 = Release|x64
		{0DEA53C8-ED65-45C4-AFE4-312D01622D9F}.Release|x86.ActiveCfg = Release|Win32
		{0DEA53C8-ED65-45C4-AFE4-312D01622D9F}.Release|x86.Build.0 = Release|Win32
		{6A083381-8CA1-41CE-BA38-AB9D0C75DF37}.Debug|x64.ActiveCfg = Debug|x64
		{6A083381-8CA1-41CE-BA38-AB9D0C75DF37}.Debug|x64.Build.0 = Debug|x64
		{6A083381-8CA1-41CE-BA38-AB9D0C75DF37}.Debug|x86.ActiveCfg = Debug|Win32
		{6A083381-8CA1-41CE-BA38-AB9D0C75DF37}.Debug|x86.Build.0 = Debug|Win32
		{6A083381-8CA1-41CE-BA38-AB9D0C75DF37}.Release|x64.ActiveCfg = Release|x64
		{6A083381-8CA1-41CE-BA38-AB9D0C75DF37}.Release|x64.Build.0 = Release|x64
		{6A083381-8CA1-41CE-BA38-AB9D0C75DF37}.Release|x86.ActiveCfg = Release|Win32
		{6A083381-8CA1-41CE-BA38-AB9D0C75DF37}.Release|x86.Build.0 = Release|Win32
	EndGlobalSection
	GlobalSection(SolutionProperties) = preSolution
		HideSolutionNode = FALSE
	EndGlobalSection
	GlobalSection(ExtensibilityGlobals) = postSolution
		SolutionGuid = {93FA0B4B-4E18-42BC-A2B8-B057D82AD8EA}
	EndGlobalSection
EndGlobal
